
Microsoft Visual Studio Solution File, Format Version 12.00
# Visual Studio Version 16
VisualStudioVersion = 16.0.29025.244
MinimumVisualStudioVersion = 10.0.40219.1
Project("{2150E333-8FDC-42A3-9474-1A3956D46DE8}") = "Modules", "Modules", "{185210EE-E949-4CC5-8995-F54302019266}"
EndProject
Project("{2150E333-8FDC-42A3-9474-1A3956D46DE8}") = "UsertRegistration", "UsertRegistration", "{BE83144F-DF3F-4FA4-B0EF-0728C2E6B255}"
EndProject
Project("{2150E333-8FDC-42A3-9474-1A3956D46DE8}") = "Tests", "Tests", "{5EFDDE3F-8A7A-4AC5-BB53-F718B2183E6C}"
EndProject
Project("{9A19103F-16F7-4668-BE54-9A1E7A4F7556}") = "TorfSklep.Modules.UserRegistration.Domain.UnitTests", "..\TrofSklep.Modules.ClientRegister.Domain.UnitTests\TorfSklep.Modules.UserRegistration.Domain.UnitTests.csproj", "{4C8016FD-C0F4-4157-8D5A-FAC68FC16F91}"
EndProject
Project("{9A19103F-16F7-4668-BE54-9A1E7A4F7556}") = "TorfSklep.Modules.UserRegistration.Domain", "..\TorfSklep.Modules.ClientRegistration.Domain\TorfSklep.Modules.UserRegistration.Domain.csproj", "{61636E70-EA59-414E-895C-195D6A89A4ED}"
EndProject
Project("{2150E333-8FDC-42A3-9474-1A3956D46DE8}") = "Domain", "Domain", "{94418B36-E449-4973-A7D4-C8ADC7B6EF10}"
EndProject
Project("{2150E333-8FDC-42A3-9474-1A3956D46DE8}") = "Repository", "Repository", "{C3CA8B39-22A9-4947-800E-7AE5BDA64F23}"
EndProject
Project("{9A19103F-16F7-4668-BE54-9A1E7A4F7556}") = "TorfSklep.Modules.UserRegistration.Respository", "TorfSklep.Modules.UserRegistration.Respository\TorfSklep.Modules.UserRegistration.Respository.csproj", "{0AB101AE-8E92-4EB6-B8FC-E5A8188AD028}"
EndProject
Project("{2150E333-8FDC-42A3-9474-1A3956D46DE8}") = "Infrastructure", "Infrastructure", "{18A473D8-AAFF-4914-8B72-A3BEDB929DE1}"
EndProject
Project("{2150E333-8FDC-42A3-9474-1A3956D46DE8}") = "EmailSystem", "EmailSystem", "{E07491CC-DAFE-4910-A957-320517FD6A5D}"
EndProject
Project("{9A19103F-16F7-4668-BE54-9A1E7A4F7556}") = "Torf_Sklep.Infrastructure.EmailSystem", "Torf_Sklep.Infrastructure.EmailSystem\Torf_Sklep.Infrastructure.EmailSystem.csproj", "{6DD7D20A-50AF-4D51-B163-B84F9CE90DCA}"
EndProject
Project("{9A19103F-16F7-4668-BE54-9A1E7A4F7556}") = "TorfSklep.Infrastructure.EmailSystem.Test", "TorfSklep.Infrastructure.EmailSystem.Test\TorfSklep.Infrastructure.EmailSystem.Test.csproj", "{A5F94CD7-DCFB-4C66-9DFA-EF17712BD3A9}"
EndProject
Project("{9A19103F-16F7-4668-BE54-9A1E7A4F7556}") = "TorfSklep.Module.UserRegistration.Repository.UTest", "TorfSklep.Module.UserRegistration.Repository.UTest\TorfSklep.Module.UserRegistration.Repository.UTest.csproj", "{7441DFEF-2BDA-459D-9714-89B425357E8C}"
EndProject
Project("{9A19103F-16F7-4668-BE54-9A1E7A4F7556}") = "TorfSklep.Modules.ExternalSystem.Repository", "TorfSklep.Modules.ExternalSystem.Repository\TorfSklep.Modules.ExternalSystem.Repository.csproj", "{2BFE6D87-4D66-4C0E-8F54-C9CC6C5F7D2D}"
EndProject
Project("{2150E333-8FDC-42A3-9474-1A3956D46DE8}") = "ExternalSystemID", "ExternalSystemID", "{D0A8C08C-264E-4947-8F88-63598CE6B0B5}"
EndProject
Project("{FAE04EC0-301F-11D3-BF4B-00C04F79EFBC}") = "TorfSklep.Infrastructure.ExternalSystemID", "TorfSklep.Infrastructure.ExternalSystemID\TorfSklep.Infrastructure.ExternalSystemID.csproj", "{42A66DF9-982E-42BD-8FD4-8B5FD5BFF988}"
EndProject
Project("{2150E333-8FDC-42A3-9474-1A3956D46DE8}") = "DataBaseSystem", "DataBaseSystem", "{35DA0944-E0DA-4806-B07D-6B8E7E1B0BF2}"
EndProject
Project("{FAE04EC0-301F-11D3-BF4B-00C04F79EFBC}") = "TorfSklep.Infrastructure.DataBaseSystem.DB_sklep", "TorfSklep.Infrastructure.DataBaseSystem.DB_sklep\TorfSklep.Infrastructure.DataBaseSystem.DB_sklep.csproj", "{3060E35C-CAF4-46BD-9C1D-4D77BB9175C9}"
EndProject
Project("{9A19103F-16F7-4668-BE54-9A1E7A4F7556}") = "TorfSklep.Modules.DiscountsDefinition.Domain", "TorfSklep.Modules.DiscountsDefinition.Domain\TorfSklep.Modules.DiscountsDefinition.Domain.csproj", "{B18A9835-0283-45C4-A9DF-130563DDE1B7}"
EndProject
Project("{9A19103F-16F7-4668-BE54-9A1E7A4F7556}") = "TorfSklep.Modules.DiscountsDefinition.Domain.UnitTests", "TorfSklep.Modules.DiscountsDefinition.Domain.UnitTests\TorfSklep.Modules.DiscountsDefinition.Domain.UnitTests.csproj", "{1665C1E1-D01B-46BB-AF9E-397D8B5AA223}"
EndProject
Project("{FAE04EC0-301F-11D3-BF4B-00C04F79EFBC}") = "TorfSklep.Modules.RebatesDefinitions.Repository", "TorfSklep.Modules.RebatesDefinitions.Repository\TorfSklep.Modules.RebatesDefinitions.Repository.csproj", "{084DE181-DF5D-464D-A49B-42AB144AFBC0}"
EndProject
Global
	GlobalSection(SolutionConfigurationPlatforms) = preSolution
		Debug|Any CPU = Debug|Any CPU
		Release|Any CPU = Release|Any CPU
	EndGlobalSection
	GlobalSection(ProjectConfigurationPlatforms) = postSolution
		{4C8016FD-C0F4-4157-8D5A-FAC68FC16F91}.Debug|Any CPU.ActiveCfg = Debug|Any CPU
		{4C8016FD-C0F4-4157-8D5A-FAC68FC16F91}.Debug|Any CPU.Build.0 = Debug|Any CPU
		{4C8016FD-C0F4-4157-8D5A-FAC68FC16F91}.Release|Any CPU.ActiveCfg = Release|Any CPU
		{4C8016FD-C0F4-4157-8D5A-FAC68FC16F91}.Release|Any CPU.Build.0 = Release|Any CPU
		{61636E70-EA59-414E-895C-195D6A89A4ED}.Debug|Any CPU.ActiveCfg = Debug|Any CPU
		{61636E70-EA59-414E-895C-195D6A89A4ED}.Debug|Any CPU.Build.0 = Debug|Any CPU
		{61636E70-EA59-414E-895C-195D6A89A4ED}.Release|Any CPU.ActiveCfg = Release|Any CPU
		{61636E70-EA59-414E-895C-195D6A89A4ED}.Release|Any CPU.Build.0 = Release|Any CPU
		{0AB101AE-8E92-4EB6-B8FC-E5A8188AD028}.Debug|Any CPU.ActiveCfg = Debug|Any CPU
		{0AB101AE-8E92-4EB6-B8FC-E5A8188AD028}.Debug|Any CPU.Build.0 = Debug|Any CPU
		{0AB101AE-8E92-4EB6-B8FC-E5A8188AD028}.Release|Any CPU.ActiveCfg = Release|Any CPU
		{0AB101AE-8E92-4EB6-B8FC-E5A8188AD028}.Release|Any CPU.Build.0 = Release|Any CPU
		{6DD7D20A-50AF-4D51-B163-B84F9CE90DCA}.Debug|Any CPU.ActiveCfg = Debug|Any CPU
		{6DD7D20A-50AF-4D51-B163-B84F9CE90DCA}.Debug|Any CPU.Build.0 = Debug|Any CPU
		{6DD7D20A-50AF-4D51-B163-B84F9CE90DCA}.Release|Any CPU.ActiveCfg = Release|Any CPU
		{6DD7D20A-50AF-4D51-B163-B84F9CE90DCA}.Release|Any CPU.Build.0 = Release|Any CPU
		{A5F94CD7-DCFB-4C66-9DFA-EF17712BD3A9}.Debug|Any CPU.ActiveCfg = Debug|Any CPU
		{A5F94CD7-DCFB-4C66-9DFA-EF17712BD3A9}.Debug|Any CPU.Build.0 = Debug|Any CPU
		{A5F94CD7-DCFB-4C66-9DFA-EF17712BD3A9}.Release|Any CPU.ActiveCfg = Release|Any CPU
		{A5F94CD7-DCFB-4C66-9DFA-EF17712BD3A9}.Release|Any CPU.Build.0 = Release|Any CPU
		{7441DFEF-2BDA-459D-9714-89B425357E8C}.Debug|Any CPU.ActiveCfg = Debug|Any CPU
		{7441DFEF-2BDA-459D-9714-89B425357E8C}.Debug|Any CPU.Build.0 = Debug|Any CPU
		{7441DFEF-2BDA-459D-9714-89B425357E8C}.Release|Any CPU.ActiveCfg = Release|Any CPU
		{7441DFEF-2BDA-459D-9714-89B425357E8C}.Release|Any CPU.Build.0 = Release|Any CPU
		{2BFE6D87-4D66-4C0E-8F54-C9CC6C5F7D2D}.Debug|Any CPU.ActiveCfg = Debug|Any CPU
		{2BFE6D87-4D66-4C0E-8F54-C9CC6C5F7D2D}.Debug|Any CPU.Build.0 = Debug|Any CPU
		{2BFE6D87-4D66-4C0E-8F54-C9CC6C5F7D2D}.Release|Any CPU.ActiveCfg = Release|Any CPU
		{2BFE6D87-4D66-4C0E-8F54-C9CC6C5F7D2D}.Release|Any CPU.Build.0 = Release|Any CPU
		{42A66DF9-982E-42BD-8FD4-8B5FD5BFF988}.Debug|Any CPU.ActiveCfg = Debug|Any CPU
		{42A66DF9-982E-42BD-8FD4-8B5FD5BFF988}.Debug|Any CPU.Build.0 = Debug|Any CPU
		{42A66DF9-982E-42BD-8FD4-8B5FD5BFF988}.Release|Any CPU.ActiveCfg = Release|Any CPU
		{42A66DF9-982E-42BD-8FD4-8B5FD5BFF988}.Release|Any CPU.Build.0 = Release|Any CPU
		{3060E35C-CAF4-46BD-9C1D-4D77BB9175C9}.Debug|Any CPU.ActiveCfg = Debug|Any CPU
		{3060E35C-CAF4-46BD-9C1D-4D77BB9175C9}.Debug|Any CPU.Build.0 = Debug|Any CPU
		{3060E35C-CAF4-46BD-9C1D-4D77BB9175C9}.Release|Any CPU.ActiveCfg = Release|Any CPU
		{3060E35C-CAF4-46BD-9C1D-4D77BB9175C9}.Release|Any CPU.Build.0 = Release|Any CPU
		{B18A9835-0283-45C4-A9DF-130563DDE1B7}.Debug|Any CPU.ActiveCfg = Debug|Any CPU
		{B18A9835-0283-45C4-A9DF-130563DDE1B7}.Debug|Any CPU.Build.0 = Debug|Any CPU
		{B18A9835-0283-45C4-A9DF-130563DDE1B7}.Release|Any CPU.ActiveCfg = Release|Any CPU
		{B18A9835-0283-45C4-A9DF-130563DDE1B7}.Release|Any CPU.Build.0 = Release|Any CPU
		{1665C1E1-D01B-46BB-AF9E-397D8B5AA223}.Debug|Any CPU.ActiveCfg = Debug|Any CPU
		{1665C1E1-D01B-46BB-AF9E-397D8B5AA223}.Debug|Any CPU.Build.0 = Debug|Any CPU
		{1665C1E1-D01B-46BB-AF9E-397D8B5AA223}.Release|Any CPU.ActiveCfg = Release|Any CPU
		{1665C1E1-D01B-46BB-AF9E-397D8B5AA223}.Release|Any CPU.Build.0 = Release|Any CPU
		{084DE181-DF5D-464D-A49B-42AB144AFBC0}.Debug|Any CPU.ActiveCfg = Debug|Any CPU
		{084DE181-DF5D-464D-A49B-42AB144AFBC0}.Debug|Any CPU.Build.0 = Debug|Any CPU
		{084DE181-DF5D-464D-A49B-42AB144AFBC0}.Release|Any CPU.ActiveCfg = Release|Any CPU
		{084DE181-DF5D-464D-A49B-42AB144AFBC0}.Release|Any CPU.Build.0 = Release|Any CPU
	EndGlobalSection
	GlobalSection(SolutionProperties) = preSolution
		HideSolutionNode = FALSE
	EndGlobalSection
	GlobalSection(NestedProjects) = preSolution
		{BE83144F-DF3F-4FA4-B0EF-0728C2E6B255} = {185210EE-E949-4CC5-8995-F54302019266}
		{5EFDDE3F-8A7A-4AC5-BB53-F718B2183E6C} = {BE83144F-DF3F-4FA4-B0EF-0728C2E6B255}
		{4C8016FD-C0F4-4157-8D5A-FAC68FC16F91} = {5EFDDE3F-8A7A-4AC5-BB53-F718B2183E6C}
		{61636E70-EA59-414E-895C-195D6A89A4ED} = {94418B36-E449-4973-A7D4-C8ADC7B6EF10}
		{94418B36-E449-4973-A7D4-C8ADC7B6EF10} = {BE83144F-DF3F-4FA4-B0EF-0728C2E6B255}
		{C3CA8B39-22A9-4947-800E-7AE5BDA64F23} = {BE83144F-DF3F-4FA4-B0EF-0728C2E6B255}
		{0AB101AE-8E92-4EB6-B8FC-E5A8188AD028} = {C3CA8B39-22A9-4947-800E-7AE5BDA64F23}
		{E07491CC-DAFE-4910-A957-320517FD6A5D} = {18A473D8-AAFF-4914-8B72-A3BEDB929DE1}
		{6DD7D20A-50AF-4D51-B163-B84F9CE90DCA} = {E07491CC-DAFE-4910-A957-320517FD6A5D}
		{A5F94CD7-DCFB-4C66-9DFA-EF17712BD3A9} = {5EFDDE3F-8A7A-4AC5-BB53-F718B2183E6C}
		{7441DFEF-2BDA-459D-9714-89B425357E8C} = {5EFDDE3F-8A7A-4AC5-BB53-F718B2183E6C}
		{2BFE6D87-4D66-4C0E-8F54-C9CC6C5F7D2D} = {C3CA8B39-22A9-4947-800E-7AE5BDA64F23}
		{D0A8C08C-264E-4947-8F88-63598CE6B0B5} = {18A473D8-AAFF-4914-8B72-A3BEDB929DE1}
		{42A66DF9-982E-42BD-8FD4-8B5FD5BFF988} = {D0A8C08C-264E-4947-8F88-63598CE6B0B5}
		{35DA0944-E0DA-4806-B07D-6B8E7E1B0BF2} = {18A473D8-AAFF-4914-8B72-A3BEDB929DE1}
		{3060E35C-CAF4-46BD-9C1D-4D77BB9175C9} = {35DA0944-E0DA-4806-B07D-6B8E7E1B0BF2}
		{B18A9835-0283-45C4-A9DF-130563DDE1B7} = {94418B36-E449-4973-A7D4-C8ADC7B6EF10}
		{1665C1E1-D01B-46BB-AF9E-397D8B5AA223} = {5EFDDE3F-8A7A-4AC5-BB53-F718B2183E6C}
		{084DE181-DF5D-464D-A49B-42AB144AFBC0} = {C3CA8B39-22A9-4947-800E-7AE5BDA64F23}
	EndGlobalSection
	GlobalSection(ExtensibilityGlobals) = postSolution
		SolutionGuid = {067F9518-2BA6-4932-8433-A846678834A5}
	EndGlobalSection
EndGlobal
